
Microsoft Visual Studio Solution File, Format Version 12.00
# Visual Studio Version 16
VisualStudioVersion = 16.0.31005.135
MinimumVisualStudioVersion = 10.0.40219.1
Project("{FAE04EC0-301F-11D3-BF4B-00C04F79EFBC}") = "PanelYaratmaqForm", "PanelYaratmaqForm\PanelYaratmaqForm.csproj", "{B40D3AD6-6DE4-4FB9-8EA5-3C665CE3B1C2}"
EndProject
Global
	GlobalSection(SolutionConfigurationPlatforms) = preSolution
		Debug|Any CPU = Debug|Any CPU
		Release|Any CPU = Release|Any CPU
	EndGlobalSection
	GlobalSection(ProjectConfigurationPlatforms) = postSolution
		{B40D3AD6-6DE4-4FB9-8EA5-3C665CE3B1C2}.Debug|Any CPU.ActiveCfg = Debug|Any CPU
		{B40D3AD6-6DE4-4FB9-8EA5-3C665CE3B1C2}.Debug|Any CPU.Build.0 = Debug|Any CPU
		{B40D3AD6-6DE4-4FB9-8EA5-3C665CE3B1C2}.Release|Any CPU.ActiveCfg = Release|Any CPU
		{B40D3AD6-6DE4-4FB9-8EA5-3C665CE3B1C2}.Release|Any CPU.Build.0 = Release|Any CPU
	EndGlobalSection
	GlobalSection(SolutionProperties) = preSolution
		HideSolutionNode = FALSE
	EndGlobalSection
	GlobalSection(ExtensibilityGlobals) = postSolution
		SolutionGuid = {6181F399-8035-40C6-AB5D-5BC88884CDA3}
	EndGlobalSection
EndGlobal
